// !$*UTF8*$!
{
	archiveVersion = 1;
	classes = {
	};
	objectVersion = 50;
	objects = {

/* Begin PBXBuildFile section */
		3F1A5256245FE76700E64CD9 /* AppDelegate.swift in Sources */ = {isa = PBXBuildFile; fileRef = 3F1A5255245FE76700E64CD9 /* AppDelegate.swift */; };
		3F1A5258245FE76700E64CD9 /* SceneDelegate.swift in Sources */ = {isa = PBXBuildFile; fileRef = 3F1A5257245FE76700E64CD9 /* SceneDelegate.swift */; };
		3F1A525D245FE76700E64CD9 /* Main.storyboard in Resources */ = {isa = PBXBuildFile; fileRef = 3F1A525B245FE76700E64CD9 /* Main.storyboard */; };
		3F1A525F245FE78900E64CD9 /* Assets.xcassets in Resources */ = {isa = PBXBuildFile; fileRef = 3F1A525E245FE78900E64CD9 /* Assets.xcassets */; };
		3F1A5262245FE78900E64CD9 /* LaunchScreen.storyboard in Resources */ = {isa = PBXBuildFile; fileRef = 3F1A5260245FE78900E64CD9 /* LaunchScreen.storyboard */; };
		3F1A526C2465050E00E64CD9 /* CurrencyListTableViewController.swift in Sources */ = {isa = PBXBuildFile; fileRef = 3F1A526B2465050E00E64CD9 /* CurrencyListTableViewController.swift */; };
		3F1A526E2465058A00E64CD9 /* CurrencyListCell.swift in Sources */ = {isa = PBXBuildFile; fileRef = 3F1A526D2465058A00E64CD9 /* CurrencyListCell.swift */; };
		3F1A527B24652D1900E64CD9 /* CountryCurrencyModel.xcdatamodeld in Sources */ = {isa = PBXBuildFile; fileRef = 3F1A527924652D1900E64CD9 /* CountryCurrencyModel.xcdatamodeld */; };
		3F1A528024653A2300E64CD9 /* Country+CoreDataClass.swift in Sources */ = {isa = PBXBuildFile; fileRef = 3F1A527C24653A2300E64CD9 /* Country+CoreDataClass.swift */; };
		3F1A528124653A2300E64CD9 /* Country+CoreDataProperties.swift in Sources */ = {isa = PBXBuildFile; fileRef = 3F1A527D24653A2300E64CD9 /* Country+CoreDataProperties.swift */; };
		3F1A528B246656AF00E64CD9 /* Currency+CoreDataClass.swift in Sources */ = {isa = PBXBuildFile; fileRef = 3F1A5289246656AE00E64CD9 /* Currency+CoreDataClass.swift */; };
		3F1A528C246656AF00E64CD9 /* Currency+CoreDataProperties.swift in Sources */ = {isa = PBXBuildFile; fileRef = 3F1A528A246656AF00E64CD9 /* Currency+CoreDataProperties.swift */; };
		3F1A528F24665B7D00E64CD9 /* RawCurrencyData.swift in Sources */ = {isa = PBXBuildFile; fileRef = 3F1A528E24665B7D00E64CD9 /* RawCurrencyData.swift */; };
		3F1A52912466812A00E64CD9 /* CurrencyData.swift in Sources */ = {isa = PBXBuildFile; fileRef = 3F1A52902466812A00E64CD9 /* CurrencyData.swift */; };
		3F1A529824669C0A00E64CD9 /* DatabaseProtocol.swift in Sources */ = {isa = PBXBuildFile; fileRef = 3F1A529524669C0A00E64CD9 /* DatabaseProtocol.swift */; };
		3F1A529924669C0A00E64CD9 /* MulticastDelegate.swift in Sources */ = {isa = PBXBuildFile; fileRef = 3F1A529624669C0A00E64CD9 /* MulticastDelegate.swift */; };
		3F1A529A24669C0A00E64CD9 /* CoreDataController.swift in Sources */ = {isa = PBXBuildFile; fileRef = 3F1A529724669C0A00E64CD9 /* CoreDataController.swift */; };
		3F1A529C2469773000E64CD9 /* AddCurrencyDelegate.swift in Sources */ = {isa = PBXBuildFile; fileRef = 3F1A529B2469773000E64CD9 /* AddCurrencyDelegate.swift */; };
		3F1A529E2469788100E64CD9 /* AddCurrencyViewController.swift in Sources */ = {isa = PBXBuildFile; fileRef = 3F1A529D2469788100E64CD9 /* AddCurrencyViewController.swift */; };
		3F1A52A0246984B600E64CD9 /* Constants.swift in Sources */ = {isa = PBXBuildFile; fileRef = 3F1A529F246984B600E64CD9 /* Constants.swift */; };
		3F1A52A2246D143E00E64CD9 /* ScannerViewController.swift in Sources */ = {isa = PBXBuildFile; fileRef = 3F1A52A1246D143E00E64CD9 /* ScannerViewController.swift */; };
		3F1A52A4246EB3C500E64CD9 /* TabBarController.swift in Sources */ = {isa = PBXBuildFile; fileRef = 3F1A52A3246EB3C500E64CD9 /* TabBarController.swift */; };
/* End PBXBuildFile section */

/* Begin PBXFileReference section */
		3F1A5252245FE76700E64CD9 /* Currency Conversion Scanner.app */ = {isa = PBXFileReference; explicitFileType = wrapper.application; includeInIndex = 0; path = "Currency Conversion Scanner.app"; sourceTree = BUILT_PRODUCTS_DIR; };
		3F1A5255245FE76700E64CD9 /* AppDelegate.swift */ = {isa = PBXFileReference; lastKnownFileType = sourcecode.swift; path = AppDelegate.swift; sourceTree = "<group>"; };
		3F1A5257245FE76700E64CD9 /* SceneDelegate.swift */ = {isa = PBXFileReference; lastKnownFileType = sourcecode.swift; path = SceneDelegate.swift; sourceTree = "<group>"; };
		3F1A525C245FE76700E64CD9 /* Base */ = {isa = PBXFileReference; lastKnownFileType = file.storyboard; name = Base; path = Base.lproj/Main.storyboard; sourceTree = "<group>"; };
		3F1A525E245FE78900E64CD9 /* Assets.xcassets */ = {isa = PBXFileReference; lastKnownFileType = folder.assetcatalog; path = Assets.xcassets; sourceTree = "<group>"; };
		3F1A5261245FE78900E64CD9 /* Base */ = {isa = PBXFileReference; lastKnownFileType = file.storyboard; name = Base; path = Base.lproj/LaunchScreen.storyboard; sourceTree = "<group>"; };
		3F1A5263245FE78900E64CD9 /* Info.plist */ = {isa = PBXFileReference; lastKnownFileType = text.plist.xml; path = Info.plist; sourceTree = "<group>"; };
		3F1A526B2465050E00E64CD9 /* CurrencyListTableViewController.swift */ = {isa = PBXFileReference; lastKnownFileType = sourcecode.swift; path = CurrencyListTableViewController.swift; sourceTree = "<group>"; };
		3F1A526D2465058A00E64CD9 /* CurrencyListCell.swift */ = {isa = PBXFileReference; lastKnownFileType = sourcecode.swift; path = CurrencyListCell.swift; sourceTree = "<group>"; };
		3F1A527A24652D1900E64CD9 /* CountryCurrencyModel.xcdatamodel */ = {isa = PBXFileReference; lastKnownFileType = wrapper.xcdatamodel; path = CountryCurrencyModel.xcdatamodel; sourceTree = "<group>"; };
		3F1A527C24653A2300E64CD9 /* Country+CoreDataClass.swift */ = {isa = PBXFileReference; lastKnownFileType = sourcecode.swift; path = "Country+CoreDataClass.swift"; sourceTree = "<group>"; };
		3F1A527D24653A2300E64CD9 /* Country+CoreDataProperties.swift */ = {isa = PBXFileReference; lastKnownFileType = sourcecode.swift; path = "Country+CoreDataProperties.swift"; sourceTree = "<group>"; };
		3F1A5289246656AE00E64CD9 /* Currency+CoreDataClass.swift */ = {isa = PBXFileReference; lastKnownFileType = sourcecode.swift; path = "Currency+CoreDataClass.swift"; sourceTree = "<group>"; };
		3F1A528A246656AF00E64CD9 /* Currency+CoreDataProperties.swift */ = {isa = PBXFileReference; lastKnownFileType = sourcecode.swift; path = "Currency+CoreDataProperties.swift"; sourceTree = "<group>"; };
		3F1A528E24665B7D00E64CD9 /* RawCurrencyData.swift */ = {isa = PBXFileReference; lastKnownFileType = sourcecode.swift; path = RawCurrencyData.swift; sourceTree = "<group>"; };
		3F1A52902466812A00E64CD9 /* CurrencyData.swift */ = {isa = PBXFileReference; lastKnownFileType = sourcecode.swift; path = CurrencyData.swift; sourceTree = "<group>"; };
		3F1A529524669C0A00E64CD9 /* DatabaseProtocol.swift */ = {isa = PBXFileReference; fileEncoding = 4; lastKnownFileType = sourcecode.swift; path = DatabaseProtocol.swift; sourceTree = "<group>"; };
		3F1A529624669C0A00E64CD9 /* MulticastDelegate.swift */ = {isa = PBXFileReference; fileEncoding = 4; lastKnownFileType = sourcecode.swift; path = MulticastDelegate.swift; sourceTree = "<group>"; };
		3F1A529724669C0A00E64CD9 /* CoreDataController.swift */ = {isa = PBXFileReference; fileEncoding = 4; lastKnownFileType = sourcecode.swift; path = CoreDataController.swift; sourceTree = "<group>"; };
		3F1A529B2469773000E64CD9 /* AddCurrencyDelegate.swift */ = {isa = PBXFileReference; lastKnownFileType = sourcecode.swift; path = AddCurrencyDelegate.swift; sourceTree = "<group>"; };
		3F1A529D2469788100E64CD9 /* AddCurrencyViewController.swift */ = {isa = PBXFileReference; lastKnownFileType = sourcecode.swift; path = AddCurrencyViewController.swift; sourceTree = "<group>"; };
		3F1A529F246984B600E64CD9 /* Constants.swift */ = {isa = PBXFileReference; lastKnownFileType = sourcecode.swift; path = Constants.swift; sourceTree = "<group>"; };
		3F1A52A1246D143E00E64CD9 /* ScannerViewController.swift */ = {isa = PBXFileReference; lastKnownFileType = sourcecode.swift; path = ScannerViewController.swift; sourceTree = "<group>"; };
		3F1A52A3246EB3C500E64CD9 /* TabBarController.swift */ = {isa = PBXFileReference; lastKnownFileType = sourcecode.swift; path = TabBarController.swift; sourceTree = "<group>"; };
/* End PBXFileReference section */

/* Begin PBXFrameworksBuildPhase section */
		3F1A524F245FE76700E64CD9 /* Frameworks */ = {
			isa = PBXFrameworksBuildPhase;
			buildActionMask = 2147483647;
			files = (
			);
			runOnlyForDeploymentPostprocessing = 0;
		};
/* End PBXFrameworksBuildPhase section */

/* Begin PBXGroup section */
		3F1A5249245FE76700E64CD9 = {
			isa = PBXGroup;
			children = (
				3F1A5254245FE76700E64CD9 /* Currency Conversion Scanner */,
				3F1A5253245FE76700E64CD9 /* Products */,
			);
			sourceTree = "<group>";
		};
		3F1A5253245FE76700E64CD9 /* Products */ = {
			isa = PBXGroup;
			children = (
				3F1A5252245FE76700E64CD9 /* Currency Conversion Scanner.app */,
			);
			name = Products;
			sourceTree = "<group>";
		};
		3F1A5254245FE76700E64CD9 /* Currency Conversion Scanner */ = {
			isa = PBXGroup;
			children = (
				3F1A529424669C0A00E64CD9 /* Database */,
				3F1A528D24665B1000E64CD9 /* WebService */,
				3F1A527824652CE000E64CD9 /* DataModel */,
				3F1A5255245FE76700E64CD9 /* AppDelegate.swift */,
				3F1A5257245FE76700E64CD9 /* SceneDelegate.swift */,
				3F1A525B245FE76700E64CD9 /* Main.storyboard */,
				3F1A525E245FE78900E64CD9 /* Assets.xcassets */,
				3F1A5260245FE78900E64CD9 /* LaunchScreen.storyboard */,
				3F1A5263245FE78900E64CD9 /* Info.plist */,
				3F1A526B2465050E00E64CD9 /* CurrencyListTableViewController.swift */,
				3F1A526D2465058A00E64CD9 /* CurrencyListCell.swift */,
				3F1A529B2469773000E64CD9 /* AddCurrencyDelegate.swift */,
				3F1A529D2469788100E64CD9 /* AddCurrencyViewController.swift */,
				3F1A529F246984B600E64CD9 /* Constants.swift */,
				3F1A52A1246D143E00E64CD9 /* ScannerViewController.swift */,
				3F1A52A3246EB3C500E64CD9 /* TabBarController.swift */,
			);
			path = "Currency Conversion Scanner";
			sourceTree = "<group>";
		};
		3F1A527824652CE000E64CD9 /* DataModel */ = {
			isa = PBXGroup;
			children = (
				3F1A5289246656AE00E64CD9 /* Currency+CoreDataClass.swift */,
				3F1A528A246656AF00E64CD9 /* Currency+CoreDataProperties.swift */,
				3F1A527C24653A2300E64CD9 /* Country+CoreDataClass.swift */,
				3F1A527D24653A2300E64CD9 /* Country+CoreDataProperties.swift */,
				3F1A527924652D1900E64CD9 /* CountryCurrencyModel.xcdatamodeld */,
			);
			path = DataModel;
			sourceTree = "<group>";
		};
		3F1A528D24665B1000E64CD9 /* WebService */ = {
			isa = PBXGroup;
			children = (
				3F1A528E24665B7D00E64CD9 /* RawCurrencyData.swift */,
				3F1A52902466812A00E64CD9 /* CurrencyData.swift */,
			);
			path = WebService;
			sourceTree = "<group>";
		};
		3F1A529424669C0A00E64CD9 /* Database */ = {
			isa = PBXGroup;
			children = (
				3F1A529624669C0A00E64CD9 /* MulticastDelegate.swift */,
				3F1A529524669C0A00E64CD9 /* DatabaseProtocol.swift */,
				3F1A529724669C0A00E64CD9 /* CoreDataController.swift */,
			);
			path = Database;
			sourceTree = "<group>";
		};
/* End PBXGroup section */

/* Begin PBXNativeTarget section */
		3F1A5251245FE76700E64CD9 /* Currency Conversion Scanner */ = {
			isa = PBXNativeTarget;
			buildConfigurationList = 3F1A5266245FE78900E64CD9 /* Build configuration list for PBXNativeTarget "Currency Conversion Scanner" */;
			buildPhases = (
				3F1A524E245FE76700E64CD9 /* Sources */,
				3F1A524F245FE76700E64CD9 /* Frameworks */,
				3F1A5250245FE76700E64CD9 /* Resources */,
			);
			buildRules = (
			);
			dependencies = (
			);
			name = "Currency Conversion Scanner";
			productName = "Currency Conversion Scanner";
			productReference = 3F1A5252245FE76700E64CD9 /* Currency Conversion Scanner.app */;
			productType = "com.apple.product-type.application";
		};
/* End PBXNativeTarget section */

/* Begin PBXProject section */
		3F1A524A245FE76700E64CD9 /* Project object */ = {
			isa = PBXProject;
			attributes = {
				LastSwiftUpdateCheck = 1130;
				LastUpgradeCheck = 1130;
				ORGANIZATIONNAME = "Jimmy Low";
				TargetAttributes = {
					3F1A5251245FE76700E64CD9 = {
						CreatedOnToolsVersion = 11.3;
					};
				};
			};
			buildConfigurationList = 3F1A524D245FE76700E64CD9 /* Build configuration list for PBXProject "Currency Conversion Scanner" */;
			compatibilityVersion = "Xcode 9.3";
			developmentRegion = en;
			hasScannedForEncodings = 0;
			knownRegions = (
				en,
				Base,
			);
			mainGroup = 3F1A5249245FE76700E64CD9;
			productRefGroup = 3F1A5253245FE76700E64CD9 /* Products */;
			projectDirPath = "";
			projectRoot = "";
			targets = (
				3F1A5251245FE76700E64CD9 /* Currency Conversion Scanner */,
			);
		};
/* End PBXProject section */

/* Begin PBXResourcesBuildPhase section */
		3F1A5250245FE76700E64CD9 /* Resources */ = {
			isa = PBXResourcesBuildPhase;
			buildActionMask = 2147483647;
			files = (
				3F1A5262245FE78900E64CD9 /* LaunchScreen.storyboard in Resources */,
				3F1A525F245FE78900E64CD9 /* Assets.xcassets in Resources */,
				3F1A525D245FE76700E64CD9 /* Main.storyboard in Resources */,
			);
			runOnlyForDeploymentPostprocessing = 0;
		};
/* End PBXResourcesBuildPhase section */

/* Begin PBXSourcesBuildPhase section */
		3F1A524E245FE76700E64CD9 /* Sources */ = {
			isa = PBXSourcesBuildPhase;
			buildActionMask = 2147483647;
			files = (
				3F1A529824669C0A00E64CD9 /* DatabaseProtocol.swift in Sources */,
				3F1A528124653A2300E64CD9 /* Country+CoreDataProperties.swift in Sources */,
				3F1A529A24669C0A00E64CD9 /* CoreDataController.swift in Sources */,
				3F1A529C2469773000E64CD9 /* AddCurrencyDelegate.swift in Sources */,
				3F1A528F24665B7D00E64CD9 /* RawCurrencyData.swift in Sources */,
				3F1A526E2465058A00E64CD9 /* CurrencyListCell.swift in Sources */,
				3F1A5256245FE76700E64CD9 /* AppDelegate.swift in Sources */,
				3F1A527B24652D1900E64CD9 /* CountryCurrencyModel.xcdatamodeld in Sources */,
				3F1A526C2465050E00E64CD9 /* CurrencyListTableViewController.swift in Sources */,
				3F1A5258245FE76700E64CD9 /* SceneDelegate.swift in Sources */,
				3F1A528C246656AF00E64CD9 /* Currency+CoreDataProperties.swift in Sources */,
				3F1A529E2469788100E64CD9 /* AddCurrencyViewController.swift in Sources */,
				3F1A529924669C0A00E64CD9 /* MulticastDelegate.swift in Sources */,
				3F1A52A4246EB3C500E64CD9 /* TabBarController.swift in Sources */,
				3F1A52A2246D143E00E64CD9 /* ScannerViewController.swift in Sources */,
				3F1A528B246656AF00E64CD9 /* Currency+CoreDataClass.swift in Sources */,
				3F1A52912466812A00E64CD9 /* CurrencyData.swift in Sources */,
				3F1A528024653A2300E64CD9 /* Country+CoreDataClass.swift in Sources */,
				3F1A52A0246984B600E64CD9 /* Constants.swift in Sources */,
			);
			runOnlyForDeploymentPostprocessing = 0;
		};
/* End PBXSourcesBuildPhase section */

/* Begin PBXVariantGroup section */
		3F1A525B245FE76700E64CD9 /* Main.storyboard */ = {
			isa = PBXVariantGroup;
			children = (
				3F1A525C245FE76700E64CD9 /* Base */,
			);
			name = Main.storyboard;
			sourceTree = "<group>";
		};
		3F1A5260245FE78900E64CD9 /* LaunchScreen.storyboard */ = {
			isa = PBXVariantGroup;
			children = (
				3F1A5261245FE78900E64CD9 /* Base */,
			);
			name = LaunchScreen.storyboard;
			sourceTree = "<group>";
		};
/* End PBXVariantGroup section */

/* Begin XCBuildConfiguration section */
		3F1A5264245FE78900E64CD9 /* Debug */ = {
			isa = XCBuildConfiguration;
			buildSettings = {
				ALWAYS_SEARCH_USER_PATHS = NO;
				CLANG_ANALYZER_NONNULL = YES;
				CLANG_ANALYZER_NUMBER_OBJECT_CONVERSION = YES_AGGRESSIVE;
				CLANG_CXX_LANGUAGE_STANDARD = "gnu++14";
				CLANG_CXX_LIBRARY = "libc++";
				CLANG_ENABLE_MODULES = YES;
				CLANG_ENABLE_OBJC_ARC = YES;
				CLANG_ENABLE_OBJC_WEAK = YES;
				CLANG_WARN_BLOCK_CAPTURE_AUTORELEASING = YES;
				CLANG_WARN_BOOL_CONVERSION = YES;
				CLANG_WARN_COMMA = YES;
				CLANG_WARN_CONSTANT_CONVERSION = YES;
				CLANG_WARN_DEPRECATED_OBJC_IMPLEMENTATIONS = YES;
				CLANG_WARN_DIRECT_OBJC_ISA_USAGE = YES_ERROR;
				CLANG_WARN_DOCUMENTATION_COMMENTS = YES;
				CLANG_WARN_EMPTY_BODY = YES;
				CLANG_WARN_ENUM_CONVERSION = YES;
				CLANG_WARN_INFINITE_RECURSION = YES;
				CLANG_WARN_INT_CONVERSION = YES;
				CLANG_WARN_NON_LITERAL_NULL_CONVERSION = YES;
				CLANG_WARN_OBJC_IMPLICIT_RETAIN_SELF = YES;
				CLANG_WARN_OBJC_LITERAL_CONVERSION = YES;
				CLANG_WARN_OBJC_ROOT_CLASS = YES_ERROR;
				CLANG_WARN_RANGE_LOOP_ANALYSIS = YES;
				CLANG_WARN_STRICT_PROTOTYPES = YES;
				CLANG_WARN_SUSPICIOUS_MOVE = YES;
				CLANG_WARN_UNGUARDED_AVAILABILITY = YES_AGGRESSIVE;
				CLANG_WARN_UNREACHABLE_CODE = YES;
				CLANG_WARN__DUPLICATE_METHOD_MATCH = YES;
				COPY_PHASE_STRIP = NO;
				DEBUG_INFORMATION_FORMAT = dwarf;
				ENABLE_STRICT_OBJC_MSGSEND = YES;
				ENABLE_TESTABILITY = YES;
				GCC_C_LANGUAGE_STANDARD = gnu11;
				GCC_DYNAMIC_NO_PIC = NO;
				GCC_NO_COMMON_BLOCKS = YES;
				GCC_OPTIMIZATION_LEVEL = 0;
				GCC_PREPROCESSOR_DEFINITIONS = (
					"DEBUG=1",
					"$(inherited)",
				);
				GCC_WARN_64_TO_32_BIT_CONVERSION = YES;
				GCC_WARN_ABOUT_RETURN_TYPE = YES_ERROR;
				GCC_WARN_UNDECLARED_SELECTOR = YES;
				GCC_WARN_UNINITIALIZED_AUTOS = YES_AGGRESSIVE;
				GCC_WARN_UNUSED_FUNCTION = YES;
				GCC_WARN_UNUSED_VARIABLE = YES;
				IPHONEOS_DEPLOYMENT_TARGET = 13.2;
				MTL_ENABLE_DEBUG_INFO = INCLUDE_SOURCE;
				MTL_FAST_MATH = YES;
				ONLY_ACTIVE_ARCH = YES;
				SDKROOT = iphoneos;
				SWIFT_ACTIVE_COMPILATION_CONDITIONS = DEBUG;
				SWIFT_OPTIMIZATION_LEVEL = "-Onone";
			};
			name = Debug;
		};
		3F1A5265245FE78900E64CD9 /* Release */ = {
			isa = XCBuildConfiguration;
			buildSettings = {
				ALWAYS_SEARCH_USER_PATHS = NO;
				CLANG_ANALYZER_NONNULL = YES;
				CLANG_ANALYZER_NUMBER_OBJECT_CONVERSION = YES_AGGRESSIVE;
				CLANG_CXX_LANGUAGE_STANDARD = "gnu++14";
				CLANG_CXX_LIBRARY = "libc++";
				CLANG_ENABLE_MODULES = YES;
				CLANG_ENABLE_OBJC_ARC = YES;
				CLANG_ENABLE_OBJC_WEAK = YES;
				CLANG_WARN_BLOCK_CAPTURE_AUTORELEASING = YES;
				CLANG_WARN_BOOL_CONVERSION = YES;
				CLANG_WARN_COMMA = YES;
				CLANG_WARN_CONSTANT_CONVERSION = YES;
				CLANG_WARN_DEPRECATED_OBJC_IMPLEMENTATIONS = YES;
				CLANG_WARN_DIRECT_OBJC_ISA_USAGE = YES_ERROR;
				CLANG_WARN_DOCUMENTATION_COMMENTS = YES;
				CLANG_WARN_EMPTY_BODY = YES;
				CLANG_WARN_ENUM_CONVERSION = YES;
				CLANG_WARN_INFINITE_RECURSION = YES;
				CLANG_WARN_INT_CONVERSION = YES;
				CLANG_WARN_NON_LITERAL_NULL_CONVERSION = YES;
				CLANG_WARN_OBJC_IMPLICIT_RETAIN_SELF = YES;
				CLANG_WARN_OBJC_LITERAL_CONVERSION = YES;
				CLANG_WARN_OBJC_ROOT_CLASS = YES_ERROR;
				CLANG_WARN_RANGE_LOOP_ANALYSIS = YES;
				CLANG_WARN_STRICT_PROTOTYPES = YES;
				CLANG_WARN_SUSPICIOUS_MOVE = YES;
				CLANG_WARN_UNGUARDED_AVAILABILITY = YES_AGGRESSIVE;
				CLANG_WARN_UNREACHABLE_CODE = YES;
				CLANG_WARN__DUPLICATE_METHOD_MATCH = YES;
				COPY_PHASE_STRIP = NO;
				DEBUG_INFORMATION_FORMAT = "dwarf-with-dsym";
				ENABLE_NS_ASSERTIONS = NO;
				ENABLE_STRICT_OBJC_MSGSEND = YES;
				GCC_C_LANGUAGE_STANDARD = gnu11;
				GCC_NO_COMMON_BLOCKS = YES;
				GCC_WARN_64_TO_32_BIT_CONVERSION = YES;
				GCC_WARN_ABOUT_RETURN_TYPE = YES_ERROR;
				GCC_WARN_UNDECLARED_SELECTOR = YES;
				GCC_WARN_UNINITIALIZED_AUTOS = YES_AGGRESSIVE;
				GCC_WARN_UNUSED_FUNCTION = YES;
				GCC_WARN_UNUSED_VARIABLE = YES;
				IPHONEOS_DEPLOYMENT_TARGET = 13.2;
				MTL_ENABLE_DEBUG_INFO = NO;
				MTL_FAST_MATH = YES;
				SDKROOT = iphoneos;
				SWIFT_COMPILATION_MODE = wholemodule;
				SWIFT_OPTIMIZATION_LEVEL = "-O";
				VALIDATE_PRODUCT = YES;
			};
			name = Release;
		};
		3F1A5267245FE78900E64CD9 /* Debug */ = {
			isa = XCBuildConfiguration;
			buildSettings = {
				ASSETCATALOG_COMPILER_APPICON_NAME = AppIcon;
				CODE_SIGN_STYLE = Automatic;
				DEVELOPMENT_TEAM = PY6DXZC2TX;
				INFOPLIST_FILE = "Currency Conversion Scanner/Info.plist";
				LD_RUNPATH_SEARCH_PATHS = (
					"$(inherited)",
					"@executable_path/Frameworks",
				);
				PRODUCT_BUNDLE_IDENTIFIER = "Jimmy-Low.Currency-Conversion-Scanner";
				PRODUCT_NAME = "$(TARGET_NAME)";
				SWIFT_VERSION = 5.0;
				TARGETED_DEVICE_FAMILY = "1,2";
			};
			name = Debug;
		};
		3F1A5268245FE78900E64CD9 /* Release */ = {
			isa = XCBuildConfiguration;
			buildSettings = {
				ASSETCATALOG_COMPILER_APPICON_NAME = AppIcon;
				CODE_SIGN_STYLE = Automatic;
				DEVELOPMENT_TEAM = PY6DXZC2TX;
				INFOPLIST_FILE = "Currency Conversion Scanner/Info.plist";
				LD_RUNPATH_SEARCH_PATHS = (
					"$(inherited)",
					"@executable_path/Frameworks",
				);
				PRODUCT_BUNDLE_IDENTIFIER = "Jimmy-Low.Currency-Conversion-Scanner";
				PRODUCT_NAME = "$(TARGET_NAME)";
				SWIFT_VERSION = 5.0;
				TARGETED_DEVICE_FAMILY = "1,2";
			};
			name = Release;
		};
/* End XCBuildConfiguration section */

/* Begin XCConfigurationList section */
		3F1A524D245FE76700E64CD9 /* Build configuration list for PBXProject "Currency Conversion Scanner" */ = {
			isa = XCConfigurationList;
			buildConfigurations = (
				3F1A5264245FE78900E64CD9 /* Debug */,
				3F1A5265245FE78900E64CD9 /* Release */,
			);
			defaultConfigurationIsVisible = 0;
			defaultConfigurationName = Release;
		};
		3F1A5266245FE78900E64CD9 /* Build configuration list for PBXNativeTarget "Currency Conversion Scanner" */ = {
			isa = XCConfigurationList;
			buildConfigurations = (
				3F1A5267245FE78900E64CD9 /* Debug */,
				3F1A5268245FE78900E64CD9 /* Release */,
			);
			defaultConfigurationIsVisible = 0;
			defaultConfigurationName = Release;
		};
/* End XCConfigurationList section */

/* Begin XCVersionGroup section */
		3F1A527924652D1900E64CD9 /* CountryCurrencyModel.xcdatamodeld */ = {
			isa = XCVersionGroup;
			children = (
				3F1A527A24652D1900E64CD9 /* CountryCurrencyModel.xcdatamodel */,
			);
			currentVersion = 3F1A527A24652D1900E64CD9 /* CountryCurrencyModel.xcdatamodel */;
			path = CountryCurrencyModel.xcdatamodeld;
			sourceTree = "<group>";
			versionGroupType = wrapper.xcdatamodel;
		};
/* End XCVersionGroup section */
	};
	rootObject = 3F1A524A245FE76700E64CD9 /* Project object */;
}
